
Microsoft Visual Studio Solution File, Format Version 12.00
# Visual Studio Version 16
VisualStudioVersion = 16.0.29926.136
MinimumVisualStudioVersion = 10.0.40219.1
Project("{FAE04EC0-301F-11D3-BF4B-00C04F79EFBC}") = "Threadapp", "Threadapp.csproj", "{0B6B1065-F626-4B01-8F3C-FD2A562F76E6}"
EndProject
Global
	GlobalSection(SolutionConfigurationPlatforms) = preSolution
		Debug|Any CPU = Debug|Any CPU
		Release|Any CPU = Release|Any CPU
	EndGlobalSection
	GlobalSection(ProjectConfigurationPlatforms) = postSolution
		{0B6B1065-F626-4B01-8F3C-FD2A562F76E6}.Debug|Any CPU.ActiveCfg = Debug|Any CPU
		{0B6B1065-F626-4B01-8F3C-FD2A562F76E6}.Debug|Any CPU.Build.0 = Debug|Any CPU
		{0B6B1065-F626-4B01-8F3C-FD2A562F76E6}.Release|Any CPU.ActiveCfg = Release|Any CPU
		{0B6B1065-F626-4B01-8F3C-FD2A562F76E6}.Release|Any CPU.Build.0 = Release|Any CPU
	EndGlobalSection
	GlobalSection(SolutionProperties) = preSolution
		HideSolutionNode = FALSE
	EndGlobalSection
	GlobalSection(ExtensibilityGlobals) = postSolution
		SolutionGuid = {118D2588-ED2E-41D3-94B2-EE8C6FD26E15}
	EndGlobalSection
EndGlobal
